version = 1
revision = 3
requires-python = "==3.12.*"

[[package]]
name = "cloudpickle"
version = "3.1.2"
source = { registry = "https://pypi.org/simple" }
sdist = { url = "https://files.pythonhosted.org/packages/27/fb/576f067976d320f5f0114a8d9fa1215425441bb35627b1993e5afd8111e5/cloudpickle-3.1.2.tar.gz", hash = "sha256:7fda9eb655c9c230dab534f1983763de5835249750e85fbcef43aaa30a9a2414", size = 22330, upload-time = "2025-11-03T09:25:26.604Z" }
wheels = [
    { url = "https://files.pythonhosted.org/packages/88/39/799be3f2f0f38cc727ee3b4f1445fe6d5e4133064ec2e4115069418a5bb6/cloudpickle-3.1.2-py3-none-any.whl", hash = "sha256:9acb47f6afd73f60dc1df93bb801b472f05ff42fa6c84167d25cb206be1fbf4a", size = 22228, upload-time = "2025-11-03T09:25:25.534Z" },
]

[[package]]
name = "farama-notifications"
version = "0.0.6"
source = { registry = "https://pypi.org/simple" }
sdist = { url = "https://files.pythonhosted.org/packages/ec/91/14397890dde30adc4bee6462158933806207bc5dd10d7b4d09d5c33845cf/farama_notifications-0.0.6.tar.gz", hash = "sha256:b19acac4bb41d76e59e03394b5dd165f4761c86fa327f56307a35cbee3b60158", size = 2517, upload-time = "2026-04-24T08:43:57.603Z" }
wheels = [
    { url = "https://files.pythonhosted.org/packages/7c/f0/21f81892e4ed10f4ec3ef2e7cf8635fb76e7c0907c55d0da66be50094760/farama_notifications-0.0.6-py3-none-any.whl", hash = "sha256:f84839188efa1ce5bb361c2a84881b2dc2c0d0d7fb661ff00421820170930935", size = 2897, upload-time = "2026-04-24T08:43:56.785Z" },
]

[[package]]
name = "gymnasium"
version = "1.2.0"
source = { registry = "https://pypi.org/simple" }
dependencies = [
    { name = "cloudpickle" },
    { name = "farama-notifications" },
    { name = "numpy" },
    { name = "typing-extensions" },
]
sdist = { url = "https://files.pythonhosted.org/packages/fd/17/c2a0e15c2cd5a8e788389b280996db927b923410de676ec5c7b2695e9261/gymnasium-1.2.0.tar.gz", hash = "sha256:344e87561012558f603880baf264ebc97f8a5c997a957b0c9f910281145534b0", size = 821142, upload-time = "2025-06-27T08:21:20.262Z" }
wheels = [
    { url = "https://files.pythonhosted.org/packages/a0/e2/a111dbb8625af467ea4760a1373d6ef27aac3137931219902406ccc05423/gymnasium-1.2.0-py3-none-any.whl", hash = "sha256:fc4a1e4121a9464c29b4d7dc6ade3fbeaa36dea448682f5f71a6d2c17489ea76", size = 944301, upload-time = "2025-06-27T08:21:18.83Z" },
]

[[package]]
name = "nethack-agent"
version = "0.1.0"
source = { editable = "." }
dependencies = [
    { name = "nle" },
]

[package.dev-dependencies]
dev = [
    { name = "ruff" },
]

[package.metadata]
requires-dist = [{ name = "nle", specifier = "==1.3.0" }]

[package.metadata.requires-dev]
dev = [{ name = "ruff", specifier = "==0.13.2" }]

[[package]]
name = "nle"
version = "1.3.0"
source = { registry = "https://pypi.org/simple" }
dependencies = [
    { name = "gymnasium" },
    { name = "numpy" },
    { name = "pybind11" },
]
sdist = { url = "https://files.pythonhosted.org/packages/2a/36/b8d5e7e394640a1d7aed2110b7911b3574f902158dadf04f1042f5f13ee5/nle-1.3.0.tar.gz", hash = "sha256:598871072652861541a1c1e56caf51851f311b062d7830d9ebf452119e53205d", size = 7782930, upload-time = "2026-04-25T17:44:40.722Z" }
wheels = [
    { url = "https://files.pythonhosted.org/packages/9b/b1/a58816b878a1837005a66bfed2673520f09849e097decad74f9eda2605d0/nle-1.3.0-cp312-cp312-manylinux2014_aarch64.manylinux_2_17_aarch64.whl", hash = "sha256:0a69e54ff0758fd3a54d5233fec79b5a50a90a5d37c92991c25f9cdcc597f2c4", size = 3213640, upload-time = "2026-04-25T17:44:32.77Z" },
    { url = "https://files.pythonhosted.org/packages/ff/18/e5a88a724297854510ea8df7d9e0de773b2cac78483bf2b922714fdb6bfb/nle-1.3.0-cp312-cp312-manylinux2014_x86_64.manylinux_2_17_x86_64.whl", hash = "sha256:a61797c4f37876c71b75dfd1462bbcdc5aba6dfd8f8357dce15e8a38a09430d1", size = 3270017, upload-time = "2026-04-25T17:44:34.824Z" },
]

[[package]]
name = "numpy"
version = "2.5.3"
source = { registry = "https://pypi.org/simple" }
sdist = { url = "https://files.pythonhosted.org/packages/13/01/11703282db468b85f6f7b8c7f22d058de5970d5c7e60a3a8aaa313c3de36/numpy-2.5.3.tar.gz", hash = "sha256:df2d5874ff183595a4ba404edd04f6bd9b5505c1d7708573f6a6c17489a67563", size = 20791231, upload-time = "2026-09-06T16:27:47.073Z" }
wheels = [
    { url = "https://files.pythonhosted.org/packages/d6/50/8fdbb16af64895706a45f06a4068e29db732ec180f3c1375f14123359138/numpy-2.5.3-cp312-cp312-macosx_10_13_x86_64.whl", hash = "sha256:cb189f09db39283b26bfd061ec16189e14f71c6755207f72a0f7540867afe5b9", size = 16994982, upload-time = "2026-09-06T16:24:29.244Z" },
    { url = "https://files.pythonhosted.org/packages/60/39/789131c1188c078dcb3a1692e72e1e050c68b88ffe72c9ccaac9bcd7a9cd/numpy-2.5.3-cp312-cp312-macosx_11_0_arm64.whl", hash = "sha256:f59a878c33d6b88122d80d239bb3b845d58708750b0cb06a09aebb9b18ec696c", size = 12009327, upload-time = "2026-09-06T16:24:32.491Z" },
    { url = "https://files.pythonhosted.org/packages/9c/59/a312e95696e5f601914dd8b6dd844692ba61670807417e24b68e337b5c70/numpy-2.5.3-cp312-cp312-macosx_14_0_arm64.whl", hash = "sha256:a72f874bc9e10e4b8f80426fb49716d5141f64442a0c8418065093ec8017fbb0", size = 5445405, upload-time = "2026-09-06T16:24:35.071Z" },
    { url = "https://files.pythonhosted.org/packages/30/d0/5623a1707ed4fe16e3909fe3cf5ee3da004ae677ad23d83bbf3adf1a6faf/numpy-2.5.3-cp312-cp312-macosx_14_0_x86_64.whl", hash = "sha256:fc36dc566135b5eceec4cf89758fcb719266a019ef07dae1754ae7c9f617ef3e", size = 6783213, upload-time = "2026-09-06T16:24:37.253Z" },
    { url = "https://files.pythonhosted.org/packages/f1/32/84146fc020ad3c25f805f70ab60da46fe3c540a21369754a7e4369754b6f/numpy-2.5.3-cp312-cp312-manylinux_2_27_aarch64.manylinux_2_28_aarch64.whl", hash = "sha256:76c2c1e6bfa5c84adc6434dfbf013aa92096a7985221762c8f11fedfd20fff58", size = 15687872, upload-time = "2026-09-06T16:24:39.751Z" },
    { url = "https://files.pythonhosted.org/packages/65/af/aa78d1a88805456e212b65461354cd943197fb9acecc4c90fd12295123a3/numpy-2.5.3-cp312-cp312-manylinux_2_27_x86_64.manylinux_2_28_x86_64.whl", hash = "sha256:b7e18c623bb5c95acb3b3328861272816ba199fb531921c5d6d0b675f1fde9e3", size = 16717410, upload-time = "2026-09-06T16:24:42.745Z" },
    { url = "https://files.pythonhosted.org/packages/3b/24/faa79d865e69a97ba17473b23a1b74094b2259c03e820c70297293b9ea49/numpy-2.5.3-cp312-cp312-musllinux_1_2_aarch64.whl", hash = "sha256:4f8929ee6c96bfbd7b4ed2032e0c03af86fe1826740ab61ddabf9072d06e57ff", size = 17040975, upload-time = "2026-09-06T16:24:45.961Z" },
    { url = "https://files.pythonhosted.org/packages/62/4a/8877e629445a7176297dffcaf9c485faa96a95d81728a62521ad55bd4c0f/numpy-2.5.3-cp312-cp312-musllinux_1_2_x86_64.whl", hash = "sha256:b5d93cf48f687479941d12b69c873ad2cc76bbd487f0091c2200636497f34034", size = 18476479, upload-time = "2026-09-06T16:24:49.35Z" },
    { url = "https://files.pythonhosted.org/packages/c8/db/35e1c2d38b04cbd5b731f9d71495e055e813197669d22b612f11748d2ff9/numpy-2.5.3-cp312-cp312-win32.whl", hash = "sha256:bf63afbe037eb5d2fe87fbcc7778e61da53ebaf21d938a4515aa73b62532a5d4", size = 6133378, upload-time = "2026-09-06T16:24:51.915Z" },
    { url = "https://files.pythonhosted.org/packages/3c/a1/accf6d4f0c80c5d9ba9735d6b1550e444180599f34dec69ca01360f717ad/numpy-2.5.3-cp312-cp312-win_amd64.whl", hash = "sha256:0a59a421a32580a009e8a1751345bf829631b990dc1794b80514ab722b435def", size = 12567828, upload-time = "2026-09-06T16:24:54.255Z" },
    { url = "https://files.pythonhosted.org/packages/22/43/1764aff32e4652526ae2f71fa8b3efd8d25c8a3d6926914454e47138ed1e/numpy-2.5.3-cp312-cp312-win_arm64.whl", hash = "sha256:ccb32e0525d29e8b0572eb84c9a57af0e7a4e615726927506f55063c62414034", size = 10485432, upload-time = "2026-09-06T16:24:57.278Z" },
]

[[package]]
name = "pybind11"
version = "3.1.0"
source = { registry = "https://pypi.org/simple" }
sdist = { url = "https://files.pythonhosted.org/packages/76/f3/95b0f40b31df41dbfe6bb0857419c9442c15839cbac4796f1c26ae0b6081/pybind11-3.1.0.tar.gz", hash = "sha256:a1cc06b524ab3edca51f8ad3895f9c4fa20b8b19283173dff4ae781449dc9639", size = 603746, upload-time = "2026-08-06T23:33:00.675Z" }
wheels = [
    { url = "https://files.pythonhosted.org/packages/33/fd/8762f7ee3e4e4be6d1d846cffb4916dd9bb02b2f800d3603718a0efe494c/pybind11-3.1.0-py3-none-any.whl", hash = "sha256:b8488090f8acffbcb6b5d6a85571a6827a0a2981ffb75e5a0b27b87c4a6b7dd0", size = 319402, upload-time = "2026-08-06T23:32:59.047Z" },
]

[[package]]
name = "ruff"
version = "0.13.2"
source = { registry = "https://pypi.org/simple" }
sdist = { url = "https://files.pythonhosted.org/packages/02/df/8d7d8c515d33adfc540e2edf6c6021ea1c5a58a678d8cfce9fae59aabcab/ruff-0.13.2.tar.gz", hash = "sha256:cb12fffd32fb16d32cef4ed16d8c7cdc27ed7c944eaa98d99d01ab7ab0b710ff", size = 5416417, upload-time = "2025-09-25T14:54:09.936Z" }
wheels = [
    { url = "https://files.pythonhosted.org/packages/6e/84/5716a7fa4758e41bf70e603e13637c42cfb9dbf7ceb07180211b9bbf75ef/ruff-0.13.2-py3-none-linux_armv6l.whl", hash = "sha256:3796345842b55f033a78285e4f1641078f902020d8450cade03aad01bffd81c3", size = 12343254, upload-time = "2025-09-25T14:53:27.784Z" },
    { url = "https://files.pythonhosted.org/packages/9b/77/c7042582401bb9ac8eff25360e9335e901d7a1c0749a2b28ba4ecb239991/ruff-0.13.2-py3-none-macosx_10_12_x86_64.whl", hash = "sha256:ff7e4dda12e683e9709ac89e2dd436abf31a4d8a8fc3d89656231ed808e231d2", size = 13040891, upload-time = "2025-09-25T14:53:31.38Z" },
    { url = "https://files.pythonhosted.org/packages/c6/15/125a7f76eb295cb34d19c6778e3a82ace33730ad4e6f28d3427e134a02e0/ruff-0.13.2-py3-none-macosx_11_0_arm64.whl", hash = "sha256:c75e9d2a2fafd1fdd895d0e7e24b44355984affdde1c412a6f6d3f6e16b22d46", size = 12243588, upload-time = "2025-09-25T14:53:33.543Z" },
    { url = "https://files.pythonhosted.org/packages/9e/eb/0093ae04a70f81f8be7fd7ed6456e926b65d238fc122311293d033fdf91e/ruff-0.13.2-py3-none-manylinux_2_17_aarch64.manylinux2014_aarch64.whl", hash = "sha256:cceac74e7bbc53ed7d15d1042ffe7b6577bf294611ad90393bf9b2a0f0ec7cb6", size = 12491359, upload-time = "2025-09-25T14:53:35.892Z" },
    { url = "https://files.pythonhosted.org/packages/43/fe/72b525948a6956f07dad4a6f122336b6a05f2e3fd27471cea612349fedb9/ruff-0.13.2-py3-none-manylinux_2_17_armv7l.manylinux2014_armv7l.whl", hash = "sha256:6ae3f469b5465ba6d9721383ae9d49310c19b452a161b57507764d7ef15f4b07", size = 12162486, upload-time = "2025-09-25T14:53:38.171Z" },
    { url = "https://files.pythonhosted.org/packages/6a/e3/0fac422bbbfb2ea838023e0d9fcf1f30183d83ab2482800e2cb892d02dfe/ruff-0.13.2-py3-none-manylinux_2_17_i686.manylinux2014_i686.whl", hash = "sha256:4f8f9e3cd6714358238cd6626b9d43026ed19c0c018376ac1ef3c3a04ffb42d8", size = 13871203, upload-time = "2025-09-25T14:53:41.943Z" },
    { url = "https://files.pythonhosted.org/packages/6b/82/b721c8e3ec5df6d83ba0e45dcf00892c4f98b325256c42c38ef136496cbf/ruff-0.13.2-py3-none-manylinux_2_17_ppc64.manylinux2014_ppc64.whl", hash = "sha256:c6ed79584a8f6cbe2e5d7dbacf7cc1ee29cbdb5df1172e77fbdadc8bb85a1f89", size = 14929635, upload-time = "2025-09-25T14:53:43.953Z" },
    { url = "https://files.pythonhosted.org/packages/c4/a0/ad56faf6daa507b83079a1ad7a11694b87d61e6bf01c66bd82b466f21821/ruff-0.13.2-py3-none-manylinux_2_17_ppc64le.manylinux2014_ppc64le.whl", hash = "sha256:aed130b2fde049cea2019f55deb939103123cdd191105f97a0599a3e753d61b0", size = 14338783, upload-time = "2025-09-25T14:53:46.205Z" },
    { url = "https://files.pythonhosted.org/packages/47/77/ad1d9156db8f99cd01ee7e29d74b34050e8075a8438e589121fcd25c4b08/ruff-0.13.2-py3-none-manylinux_2_17_s390x.manylinux2014_s390x.whl", hash = "sha256:1887c230c2c9d65ed1b4e4cfe4d255577ea28b718ae226c348ae68df958191aa", size = 13355322, upload-time = "2025-09-25T14:53:48.164Z" },
    { url = "https://files.pythonhosted.org/packages/64/8b/e87cfca2be6f8b9f41f0bb12dc48c6455e2d66df46fe61bb441a226f1089/ruff-0.13.2-py3-none-manylinux_2_17_x86_64.manylinux2014_x86_64.whl", hash = "sha256:5bcb10276b69b3cfea3a102ca119ffe5c6ba3901e20e60cf9efb53fa417633c3", size = 13354427, upload-time = "2025-09-25T14:53:50.486Z" },
    { url = "https://files.pythonhosted.org/packages/7f/df/bf382f3fbead082a575edb860897287f42b1b3c694bafa16bc9904c11ed3/ruff-0.13.2-py3-none-manylinux_2_31_riscv64.whl", hash = "sha256:afa721017aa55a555b2ff7944816587f1cb813c2c0a882d158f59b832da1660d", size = 13537637, upload-time = "2025-09-25T14:53:52.887Z" },
    { url = "https://files.pythonhosted.org/packages/51/70/1fb7a7c8a6fc8bd15636288a46e209e81913b87988f26e1913d0851e54f4/ruff-0.13.2-py3-none-musllinux_1_2_aarch64.whl", hash = "sha256:1dbc875cf3720c64b3990fef8939334e74cb0ca65b8dbc61d1f439201a38101b", size = 12340025, upload-time = "2025-09-25T14:53:54.88Z" },
    { url = "https://files.pythonhosted.org/packages/4c/27/1e5b3f1c23ca5dd4106d9d580e5c13d9acb70288bff614b3d7b638378cc9/ruff-0.13.2-py3-none-musllinux_1_2_armv7l.whl", hash = "sha256:5b939a1b2a960e9742e9a347e5bbc9b3c3d2c716f86c6ae273d9cbd64f193f22", size = 12133449, upload-time = "2025-09-25T14:53:57.089Z" },
    { url = "https://files.pythonhosted.org/packages/2d/09/b92a5ccee289f11ab128df57d5911224197d8d55ef3bd2043534ff72ca54/ruff-0.13.2-py3-none-musllinux_1_2_i686.whl", hash = "sha256:50e2d52acb8de3804fc5f6e2fa3ae9bdc6812410a9e46837e673ad1f90a18736", size = 13051369, upload-time = "2025-09-25T14:53:59.124Z" },
    { url = "https://files.pythonhosted.org/packages/89/99/26c9d1c7d8150f45e346dc045cc49f23e961efceb4a70c47dea0960dea9a/ruff-0.13.2-py3-none-musllinux_1_2_x86_64.whl", hash = "sha256:3196bc13ab2110c176b9a4ae5ff7ab676faaa1964b330a1383ba20e1e19645f2", size = 13523644, upload-time = "2025-09-25T14:54:01.622Z" },
    { url = "https://files.pythonhosted.org/packages/f7/00/e7f1501e81e8ec290e79527827af1d88f541d8d26151751b46108978dade/ruff-0.13.2-py3-none-win32.whl", hash = "sha256:7c2a0b7c1e87795fec3404a485096bcd790216c7c146a922d121d8b9c8f1aaac", size = 12245990, upload-time = "2025-09-25T14:54:03.647Z" },
    { url = "https://files.pythonhosted.org/packages/ee/bd/d9f33a73de84fafd0146c6fba4f497c4565fe8fa8b46874b8e438869abc2/ruff-0.13.2-py3-none-win_amd64.whl", hash = "sha256:17d95fb32218357c89355f6f6f9a804133e404fc1f65694372e02a557edf8585", size = 13324004, upload-time = "2025-09-25T14:54:06.05Z" },
    { url = "https://files.pythonhosted.org/packages/c3/12/28fa2f597a605884deb0f65c1b1ae05111051b2a7030f5d8a4ff7f4599ba/ruff-0.13.2-py3-none-win_arm64.whl", hash = "sha256:da711b14c530412c827219312b7d7fbb4877fb31150083add7e8c5336549cea7", size = 12484437, upload-time = "2025-09-25T14:54:08.022Z" },
]

[[package]]
name = "typing-extensions"
version = "4.16.0"
source = { registry = "https://pypi.org/simple" }
sdist = { url = "https://files.pythonhosted.org/packages/f6/cc/6253133b5bb138fc3306cebfbda2c520f545d36b5be2c7255cc528bb45d6/typing_extensions-4.16.0.tar.gz", hash = "sha256:dc983d19a509c94dba722ee6abd33940f7c05a89e243c47e907eb4db6f1a43e5", size = 113555, upload-time = "2026-07-02T08:40:05.92Z" }
wheels = [
    { url = "https://files.pythonhosted.org/packages/49/d3/b8441a820a491ddfc024b0b0cf0393375b75ea13866d9c66727e54c2fc80/typing_extensions-4.16.0-py3-none-any.whl", hash = "sha256:481caa481374e813c1b176ada14e97f1f67a4539ce9cfeb3f350d78d6370c2e8", size = 45571, upload-time = "2026-07-02T08:40:04.659Z" },
]
